{
  "name": "@rdcp.dev/client",
  "version": "0.1.0",
  "lockfileVersion": 3,
  "requires": true,
  "packages": {
    "": {
      "name": "@rdcp.dev/client",
      "version": "0.1.0",
      "license": "MIT",
      "dependencies": {
        "@rdcp.dev/core": "file:../rdcp-core",
        "zod": "^3.24.2"
      }
    },
    "../rdcp-core": {
      "name": "@rdcp.dev/core",
      "version": "0.1.0",
      "license": "MIT",
      "dependencies": {
        "zod": "^3.24.2"
      }
    },
    "node_modules/@rdcp.dev/core": {
      "resolved": "../rdcp-core",
      "link": true
    },
    "node_modules/zod": {
      "version": "3.25.76",
      "resolved": "https://registry.npmjs.org/zod/-/zod-3.25.76.tgz",
      "integrity": "sha512-gzUt/qt81nXsFGKIFcC3YnfEAx5NkunCfnDlvuBSSFS02bcXu4Lmea0AFIUwbLWxWPx3d9p8S5QoaujKcNQxcQ==",
      "license": "MIT",
      "funding": {
        "url": "https://github.com/sponsors/colinhacks"
      }
    }
  }
}
